{
  "name": "python-project",
  "lockfileVersion": 3,
  "requires": true,
  "packages": {
    "": {
      "dependencies": {
        "deque": "^0.0.4",
        "numpy": "^0.0.1"
      }
    },
    "node_modules/deque": {
      "version": "0.0.4",
      "resolved": "https://registry.npmjs.org/deque/-/deque-0.0.4.tgz",
      "integrity": "sha512-nHBKAkCOv9NwGmKXSnNh0eUmjE9FGbrEK69/zcXbCfyEi5bIIkdd8ZUtDOrVBf9g+JPwIDMLrJpNMEnokyLTTQ==",
      "engines": {
        "node": ">=0.4.0"
      }
    },
    "node_modules/numpy": {
      "version": "0.0.1",
      "resolved": "https://registry.npmjs.org/numpy/-/numpy-0.0.1.tgz",
      "integrity": "sha512-HPoSFyRtH4dRUGjI6bzeVKgfOeNtIAWLvVWMqbaNGmWKE+npdnZ6L78TEJELgZBb+9XpL6r16vOz1jaQ7YVI7Q==",
      "license": "MIT"
    }
  }
}
